// !$*UTF8*$!
{
	archiveVersion = 1;
	classes = {
	};
	objectVersion = 50;
	objects = {

/* Begin PBXBuildFile section */
		36C2F7382576669800B2D429 /* AppDelegate.swift in Sources */ = {isa = PBXBuildFile; fileRef = 36C2F7372576669800B2D429 /* AppDelegate.swift */; };
		36C2F73A2576669800B2D429 /* SceneDelegate.swift in Sources */ = {isa = PBXBuildFile; fileRef = 36C2F7392576669800B2D429 /* SceneDelegate.swift */; };
		36C2F73C2576669800B2D429 /* ViewController.swift in Sources */ = {isa = PBXBuildFile; fileRef = 36C2F73B2576669800B2D429 /* ViewController.swift */; };
		36C2F73F2576669800B2D429 /* Main.storyboard in Resources */ = {isa = PBXBuildFile; fileRef = 36C2F73D2576669800B2D429 /* Main.storyboard */; };
		36C2F7422576669800B2D429 /* news_projectAlamofire.xcdatamodeld in Sources */ = {isa = PBXBuildFile; fileRef = 36C2F7402576669800B2D429 /* news_projectAlamofire.xcdatamodeld */; };
		36C2F7442576669900B2D429 /* Assets.xcassets in Resources */ = {isa = PBXBuildFile; fileRef = 36C2F7432576669900B2D429 /* Assets.xcassets */; };
		36C2F7472576669900B2D429 /* LaunchScreen.storyboard in Resources */ = {isa = PBXBuildFile; fileRef = 36C2F7452576669900B2D429 /* LaunchScreen.storyboard */; };
		36C2F7522576669900B2D429 /* news_projectAlamofireTests.swift in Sources */ = {isa = PBXBuildFile; fileRef = 36C2F7512576669900B2D429 /* news_projectAlamofireTests.swift */; };
		36C2F75D2576669900B2D429 /* news_projectAlamofireUITests.swift in Sources */ = {isa = PBXBuildFile; fileRef = 36C2F75C2576669900B2D429 /* news_projectAlamofireUITests.swift */; };
/* End PBXBuildFile section */

/* Begin PBXContainerItemProxy section */
		36C2F74E2576669900B2D429 /* PBXContainerItemProxy */ = {
			isa = PBXContainerItemProxy;
			containerPortal = 36C2F72C2576669800B2D429 /* Project object */;
			proxyType = 1;
			remoteGlobalIDString = 36C2F7332576669800B2D429;
			remoteInfo = news_projectAlamofire;
		};
		36C2F7592576669900B2D429 /* PBXContainerItemProxy */ = {
			isa = PBXContainerItemProxy;
			containerPortal = 36C2F72C2576669800B2D429 /* Project object */;
			proxyType = 1;
			remoteGlobalIDString = 36C2F7332576669800B2D429;
			remoteInfo = news_projectAlamofire;
		};
/* End PBXContainerItemProxy section */

/* Begin PBXFileReference section */
		36C2F7342576669800B2D429 /* news_projectAlamofire.app */ = {isa = PBXFileReference; explicitFileType = wrapper.application; includeInIndex = 0; path = news_projectAlamofire.app; sourceTree = BUILT_PRODUCTS_DIR; };
		36C2F7372576669800B2D429 /* AppDelegate.swift */ = {isa = PBXFileReference; lastKnownFileType = sourcecode.swift; path = AppDelegate.swift; sourceTree = "<group>"; };
		36C2F7392576669800B2D429 /* SceneDelegate.swift */ = {isa = PBXFileReference; lastKnownFileType = sourcecode.swift; path = SceneDelegate.swift; sourceTree = "<group>"; };
		36C2F73B2576669800B2D429 /* ViewController.swift */ = {isa = PBXFileReference; lastKnownFileType = sourcecode.swift; path = ViewController.swift; sourceTree = "<group>"; };
		36C2F73E2576669800B2D429 /* Base */ = {isa = PBXFileReference; lastKnownFileType = file.storyboard; name = Base; path = Base.lproj/Main.storyboard; sourceTree = "<group>"; };
		36C2F7412576669800B2D429 /* news_projectAlamofire.xcdatamodel */ = {isa = PBXFileReference; lastKnownFileType = wrapper.xcdatamodel; path = news_projectAlamofire.xcdatamodel; sourceTree = "<group>"; };
		36C2F7432576669900B2D429 /* Assets.xcassets */ = {isa = PBXFileReference; lastKnownFileType = folder.assetcatalog; path = Assets.xcassets; sourceTree = "<group>"; };
		36C2F7462576669900B2D429 /* Base */ = {isa = PBXFileReference; lastKnownFileType = file.storyboard; name = Base; path = Base.lproj/LaunchScreen.storyboard; sourceTree = "<group>"; };
		36C2F7482576669900B2D429 /* Info.plist */ = {isa = PBXFileReference; lastKnownFileType = text.plist.xml; path = Info.plist; sourceTree = "<group>"; };
		36C2F74D2576669900B2D429 /* news_projectAlamofireTests.xctest */ = {isa = PBXFileReference; explicitFileType = wrapper.cfbundle; includeInIndex = 0; path = news_projectAlamofireTests.xctest; sourceTree = BUILT_PRODUCTS_DIR; };
		36C2F7512576669900B2D429 /* news_projectAlamofireTests.swift */ = {isa = PBXFileReference; lastKnownFileType = sourcecode.swift; path = news_projectAlamofireTests.swift; sourceTree = "<group>"; };
		36C2F7532576669900B2D429 /* Info.plist */ = {isa = PBXFileReference; lastKnownFileType = text.plist.xml; path = Info.plist; sourceTree = "<group>"; };
		36C2F7582576669900B2D429 /* news_projectAlamofireUITests.xctest */ = {isa = PBXFileReference; explicitFileType = wrapper.cfbundle; includeInIndex = 0; path = news_projectAlamofireUITests.xctest; sourceTree = BUILT_PRODUCTS_DIR; };
		36C2F75C2576669900B2D429 /* news_projectAlamofireUITests.swift */ = {isa = PBXFileReference; lastKnownFileType = sourcecode.swift; path = news_projectAlamofireUITests.swift; sourceTree = "<group>"; };
		36C2F75E2576669900B2D429 /* Info.plist */ = {isa = PBXFileReference; lastKnownFileType = text.plist.xml; path = Info.plist; sourceTree = "<group>"; };
/* End PBXFileReference section */

/* Begin PBXFrameworksBuildPhase section */
		36C2F7312576669800B2D429 /* Frameworks */ = {
			isa = PBXFrameworksBuildPhase;
			buildActionMask = 2147483647;
			files = (
			);
			runOnlyForDeploymentPostprocessing = 0;
		};
		36C2F74A2576669900B2D429 /* Frameworks */ = {
			isa = PBXFrameworksBuildPhase;
			buildActionMask = 2147483647;
			files = (
			);
			runOnlyForDeploymentPostprocessing = 0;
		};
		36C2F7552576669900B2D429 /* Frameworks */ = {
			isa = PBXFrameworksBuildPhase;
			buildActionMask = 2147483647;
			files = (
			);
			runOnlyForDeploymentPostprocessing = 0;
		};
/* End PBXFrameworksBuildPhase section */

/* Begin PBXGroup section */
		36C2F72B2576669800B2D429 = {
			isa = PBXGroup;
			children = (
				36C2F7362576669800B2D429 /* news_projectAlamofire */,
				36C2F7502576669900B2D429 /* news_projectAlamofireTests */,
				36C2F75B2576669900B2D429 /* news_projectAlamofireUITests */,
				36C2F7352576669800B2D429 /* Products */,
			);
			sourceTree = "<group>";
		};
		36C2F7352576669800B2D429 /* Products */ = {
			isa = PBXGroup;
			children = (
				36C2F7342576669800B2D429 /* news_projectAlamofire.app */,
				36C2F74D2576669900B2D429 /* news_projectAlamofireTests.xctest */,
				36C2F7582576669900B2D429 /* news_projectAlamofireUITests.xctest */,
			);
			name = Products;
			sourceTree = "<group>";
		};
		36C2F7362576669800B2D429 /* news_projectAlamofire */ = {
			isa = PBXGroup;
			children = (
				36C2F7372576669800B2D429 /* AppDelegate.swift */,
				36C2F7392576669800B2D429 /* SceneDelegate.swift */,
				36C2F73B2576669800B2D429 /* ViewController.swift */,
				36C2F73D2576669800B2D429 /* Main.storyboard */,
				36C2F7432576669900B2D429 /* Assets.xcassets */,
				36C2F7452576669900B2D429 /* LaunchScreen.storyboard */,
				36C2F7482576669900B2D429 /* Info.plist */,
				36C2F7402576669800B2D429 /* news_projectAlamofire.xcdatamodeld */,
			);
			path = news_projectAlamofire;
			sourceTree = "<group>";
		};
		36C2F7502576669900B2D429 /* news_projectAlamofireTests */ = {
			isa = PBXGroup;
			children = (
				36C2F7512576669900B2D429 /* news_projectAlamofireTests.swift */,
				36C2F7532576669900B2D429 /* Info.plist */,
			);
			path = news_projectAlamofireTests;
			sourceTree = "<group>";
		};
		36C2F75B2576669900B2D429 /* news_projectAlamofireUITests */ = {
			isa = PBXGroup;
			children = (
				36C2F75C2576669900B2D429 /* news_projectAlamofireUITests.swift */,
				36C2F75E2576669900B2D429 /* Info.plist */,
			);
			path = news_projectAlamofireUITests;
			sourceTree = "<group>";
		};
/* End PBXGroup section */

/* Begin PBXNativeTarget section */
		36C2F7332576669800B2D429 /* news_projectAlamofire */ = {
			isa = PBXNativeTarget;
			buildConfigurationList = 36C2F7612576669900B2D429 /* Build configuration list for PBXNativeTarget "news_projectAlamofire" */;
			buildPhases = (
				36C2F7302576669800B2D429 /* Sources */,
				36C2F7312576669800B2D429 /* Frameworks */,
				36C2F7322576669800B2D429 /* Resources */,
			);
			buildRules = (
			);
			dependencies = (
			);
			name = news_projectAlamofire;
			productName = news_projectAlamofire;
			productReference = 36C2F7342576669800B2D429 /* news_projectAlamofire.app */;
			productType = "com.apple.product-type.application";
		};
		36C2F74C2576669900B2D429 /* news_projectAlamofireTests */ = {
			isa = PBXNativeTarget;
			buildConfigurationList = 36C2F7642576669900B2D429 /* Build configuration list for PBXNativeTarget "news_projectAlamofireTests" */;
			buildPhases = (
				36C2F7492576669900B2D429 /* Sources */,
				36C2F74A2576669900B2D429 /* Frameworks */,
				36C2F74B2576669900B2D429 /* Resources */,
			);
			buildRules = (
			);
			dependencies = (
				36C2F74F2576669900B2D429 /* PBXTargetDependency */,
			);
			name = news_projectAlamofireTests;
			productName = news_projectAlamofireTests;
			productReference = 36C2F74D2576669900B2D429 /* news_projectAlamofireTests.xctest */;
			productType = "com.apple.product-type.bundle.unit-test";
		};
		36C2F7572576669900B2D429 /* news_projectAlamofireUITests */ = {
			isa = PBXNativeTarget;
			buildConfigurationList = 36C2F7672576669900B2D429 /* Build configuration list for PBXNativeTarget "news_projectAlamofireUITests" */;
			buildPhases = (
				36C2F7542576669900B2D429 /* Sources */,
				36C2F7552576669900B2D429 /* Frameworks */,
				36C2F7562576669900B2D429 /* Resources */,
			);
			buildRules = (
			);
			dependencies = (
				36C2F75A2576669900B2D429 /* PBXTargetDependency */,
			);
			name = news_projectAlamofireUITests;
			productName = news_projectAlamofireUITests;
			productReference = 36C2F7582576669900B2D429 /* news_projectAlamofireUITests.xctest */;
			productType = "com.apple.product-type.bundle.ui-testing";
		};
/* End PBXNativeTarget section */

/* Begin PBXProject section */
		36C2F72C2576669800B2D429 /* Project object */ = {
			isa = PBXProject;
			attributes = {
				LastSwiftUpdateCheck = 1210;
				LastUpgradeCheck = 1210;
				TargetAttributes = {
					36C2F7332576669800B2D429 = {
						CreatedOnToolsVersion = 12.1;
					};
					36C2F74C2576669900B2D429 = {
						CreatedOnToolsVersion = 12.1;
						TestTargetID = 36C2F7332576669800B2D429;
					};
					36C2F7572576669900B2D429 = {
						CreatedOnToolsVersion = 12.1;
						TestTargetID = 36C2F7332576669800B2D429;
					};
				};
			};
			buildConfigurationList = 36C2F72F2576669800B2D429 /* Build configuration list for PBXProject "news_projectAlamofire" */;
			compatibilityVersion = "Xcode 9.3";
			developmentRegion = en;
			hasScannedForEncodings = 0;
			knownRegions = (
				en,
				Base,
			);
			mainGroup = 36C2F72B2576669800B2D429;
			productRefGroup = 36C2F7352576669800B2D429 /* Products */;
			projectDirPath = "";
			projectRoot = "";
			targets = (
				36C2F7332576669800B2D429 /* news_projectAlamofire */,
				36C2F74C2576669900B2D429 /* news_projectAlamofireTests */,
				36C2F7572576669900B2D429 /* news_projectAlamofireUITests */,
			);
		};
/* End PBXProject section */

/* Begin PBXResourcesBuildPhase section */
		36C2F7322576669800B2D429 /* Resources */ = {
			isa = PBXResourcesBuildPhase;
			buildActionMask = 2147483647;
			files = (
				36C2F7472576669900B2D429 /* LaunchScreen.storyboard in Resources */,
				36C2F7442576669900B2D429 /* Assets.xcassets in Resources */,
				36C2F73F2576669800B2D429 /* Main.storyboard in Resources */,
			);
			runOnlyForDeploymentPostprocessing = 0;
		};
		36C2F74B2576669900B2D429 /* Resources */ = {
			isa = PBXResourcesBuildPhase;
			buildActionMask = 2147483647;
			files = (
			);
			runOnlyForDeploymentPostprocessing = 0;
		};
		36C2F7562576669900B2D429 /* Resources */ = {
			isa = PBXResourcesBuildPhase;
			buildActionMask = 2147483647;
			files = (
			);
			runOnlyForDeploymentPostprocessing = 0;
		};
/* End PBXResourcesBuildPhase section */

/* Begin PBXSourcesBuildPhase section */
		36C2F7302576669800B2D429 /* Sources */ = {
			isa = PBXSourcesBuildPhase;
			buildActionMask = 2147483647;
			files = (
				36C2F73C2576669800B2D429 /* ViewController.swift in Sources */,
				36C2F7422576669800B2D429 /* news_projectAlamofire.xcdatamodeld in Sources */,
				36C2F7382576669800B2D429 /* AppDelegate.swift in Sources */,
				36C2F73A2576669800B2D429 /* SceneDelegate.swift in Sources */,
			);
			runOnlyForDeploymentPostprocessing = 0;
		};
		36C2F7492576669900B2D429 /* Sources */ = {
			isa = PBXSourcesBuildPhase;
			buildActionMask = 2147483647;
			files = (
				36C2F7522576669900B2D429 /* news_projectAlamofireTests.swift in Sources */,
			);
			runOnlyForDeploymentPostprocessing = 0;
		};
		36C2F7542576669900B2D429 /* Sources */ = {
			isa = PBXSourcesBuildPhase;
			buildActionMask = 2147483647;
			files = (
				36C2F75D2576669900B2D429 /* news_projectAlamofireUITests.swift in Sources */,
			);
			runOnlyForDeploymentPostprocessing = 0;
		};
/* End PBXSourcesBuildPhase section */

/* Begin PBXTargetDependency section */
		36C2F74F2576669900B2D429 /* PBXTargetDependency */ = {
			isa = PBXTargetDependency;
			target = 36C2F7332576669800B2D429 /* news_projectAlamofire */;
			targetProxy = 36C2F74E2576669900B2D429 /* PBXContainerItemProxy */;
		};
		36C2F75A2576669900B2D429 /* PBXTargetDependency */ = {
			isa = PBXTargetDependency;
			target = 36C2F7332576669800B2D429 /* news_projectAlamofire */;
			targetProxy = 36C2F7592576669900B2D429 /* PBXContainerItemProxy */;
		};
/* End PBXTargetDependency section */

/* Begin PBXVariantGroup section */
		36C2F73D2576669800B2D429 /* Main.storyboard */ = {
			isa = PBXVariantGroup;
			children = (
				36C2F73E2576669800B2D429 /* Base */,
			);
			name = Main.storyboard;
			sourceTree = "<group>";
		};
		36C2F7452576669900B2D429 /* LaunchScreen.storyboard */ = {
			isa = PBXVariantGroup;
			children = (
				36C2F7462576669900B2D429 /* Base */,
			);
			name = LaunchScreen.storyboard;
			sourceTree = "<group>";
		};
/* End PBXVariantGroup section */

/* Begin XCBuildConfiguration section */
		36C2F75F2576669900B2D429 /* Debug */ = {
			isa = XCBuildConfiguration;
			buildSettings = {
				ALWAYS_SEARCH_USER_PATHS = NO;
				CLANG_ANALYZER_NONNULL = YES;
				CLANG_ANALYZER_NUMBER_OBJECT_CONVERSION = YES_AGGRESSIVE;
				CLANG_CXX_LANGUAGE_STANDARD = "gnu++14";
				CLANG_CXX_LIBRARY = "libc++";
				CLANG_ENABLE_MODULES = YES;
				CLANG_ENABLE_OBJC_ARC = YES;
				CLANG_ENABLE_OBJC_WEAK = YES;
				CLANG_WARN_BLOCK_CAPTURE_AUTORELEASING = YES;
				CLANG_WARN_BOOL_CONVERSION = YES;
				CLANG_WARN_COMMA = YES;
				CLANG_WARN_CONSTANT_CONVERSION = YES;
				CLANG_WARN_DEPRECATED_OBJC_IMPLEMENTATIONS = YES;
				CLANG_WARN_DIRECT_OBJC_ISA_USAGE = YES_ERROR;
				CLANG_WARN_DOCUMENTATION_COMMENTS = YES;
				CLANG_WARN_EMPTY_BODY = YES;
				CLANG_WARN_ENUM_CONVERSION = YES;
				CLANG_WARN_INFINITE_RECURSION = YES;
				CLANG_WARN_INT_CONVERSION = YES;
				CLANG_WARN_NON_LITERAL_NULL_CONVERSION = YES;
				CLANG_WARN_OBJC_IMPLICIT_RETAIN_SELF = YES;
				CLANG_WARN_OBJC_LITERAL_CONVERSION = YES;
				CLANG_WARN_OBJC_ROOT_CLASS = YES_ERROR;
				CLANG_WARN_QUOTED_INCLUDE_IN_FRAMEWORK_HEADER = YES;
				CLANG_WARN_RANGE_LOOP_ANALYSIS = YES;
				CLANG_WARN_STRICT_PROTOTYPES = YES;
				CLANG_WARN_SUSPICIOUS_MOVE = YES;
				CLANG_WARN_UNGUARDED_AVAILABILITY = YES_AGGRESSIVE;
				CLANG_WARN_UNREACHABLE_CODE = YES;
				CLANG_WARN__DUPLICATE_METHOD_MATCH = YES;
				COPY_PHASE_STRIP = NO;
				DEBUG_INFORMATION_FORMAT = dwarf;
				ENABLE_STRICT_OBJC_MSGSEND = YES;
				ENABLE_TESTABILITY = YES;
				GCC_C_LANGUAGE_STANDARD = gnu11;
				GCC_DYNAMIC_NO_PIC = NO;
				GCC_NO_COMMON_BLOCKS = YES;
				GCC_OPTIMIZATION_LEVEL = 0;
				GCC_PREPROCESSOR_DEFINITIONS = (
					"DEBUG=1",
					"$(inherited)",
				);
				GCC_WARN_64_TO_32_BIT_CONVERSION = YES;
				GCC_WARN_ABOUT_RETURN_TYPE = YES_ERROR;
				GCC_WARN_UNDECLARED_SELECTOR = YES;
				GCC_WARN_UNINITIALIZED_AUTOS = YES_AGGRESSIVE;
				GCC_WARN_UNUSED_FUNCTION = YES;
				GCC_WARN_UNUSED_VARIABLE = YES;
				IPHONEOS_DEPLOYMENT_TARGET = 14.1;
				MTL_ENABLE_DEBUG_INFO = INCLUDE_SOURCE;
				MTL_FAST_MATH = YES;
				ONLY_ACTIVE_ARCH = YES;
				SDKROOT = iphoneos;
				SWIFT_ACTIVE_COMPILATION_CONDITIONS = DEBUG;
				SWIFT_OPTIMIZATION_LEVEL = "-Onone";
			};
			name = Debug;
		};
		36C2F7602576669900B2D429 /* Release */ = {
			isa = XCBuildConfiguration;
			buildSettings = {
				ALWAYS_SEARCH_USER_PATHS = NO;
				CLANG_ANALYZER_NONNULL = YES;
				CLANG_ANALYZER_NUMBER_OBJECT_CONVERSION = YES_AGGRESSIVE;
				CLANG_CXX_LANGUAGE_STANDARD = "gnu++14";
				CLANG_CXX_LIBRARY = "libc++";
				CLANG_ENABLE_MODULES = YES;
				CLANG_ENABLE_OBJC_ARC = YES;
				CLANG_ENABLE_OBJC_WEAK = YES;
				CLANG_WARN_BLOCK_CAPTURE_AUTORELEASING = YES;
				CLANG_WARN_BOOL_CONVERSION = YES;
				CLANG_WARN_COMMA = YES;
				CLANG_WARN_CONSTANT_CONVERSION = YES;
				CLANG_WARN_DEPRECATED_OBJC_IMPLEMENTATIONS = YES;
				CLANG_WARN_DIRECT_OBJC_ISA_USAGE = YES_ERROR;
				CLANG_WARN_DOCUMENTATION_COMMENTS = YES;
				CLANG_WARN_EMPTY_BODY = YES;
				CLANG_WARN_ENUM_CONVERSION = YES;
				CLANG_WARN_INFINITE_RECURSION = YES;
				CLANG_WARN_INT_CONVERSION = YES;
				CLANG_WARN_NON_LITERAL_NULL_CONVERSION = YES;
				CLANG_WARN_OBJC_IMPLICIT_RETAIN_SELF = YES;
				CLANG_WARN_OBJC_LITERAL_CONVERSION = YES;
				CLANG_WARN_OBJC_ROOT_CLASS = YES_ERROR;
				CLANG_WARN_QUOTED_INCLUDE_IN_FRAMEWORK_HEADER = YES;
				CLANG_WARN_RANGE_LOOP_ANALYSIS = YES;
				CLANG_WARN_STRICT_PROTOTYPES = YES;
				CLANG_WARN_SUSPICIOUS_MOVE = YES;
				CLANG_WARN_UNGUARDED_AVAILABILITY = YES_AGGRESSIVE;
				CLANG_WARN_UNREACHABLE_CODE = YES;
				CLANG_WARN__DUPLICATE_METHOD_MATCH = YES;
				COPY_PHASE_STRIP = NO;
				DEBUG_INFORMATION_FORMAT = "dwarf-with-dsym";
				ENABLE_NS_ASSERTIONS = NO;
				ENABLE_STRICT_OBJC_MSGSEND = YES;
				GCC_C_LANGUAGE_STANDARD = gnu11;
				GCC_NO_COMMON_BLOCKS = YES;
				GCC_WARN_64_TO_32_BIT_CONVERSION = YES;
				GCC_WARN_ABOUT_RETURN_TYPE = YES_ERROR;
				GCC_WARN_UNDECLARED_SELECTOR = YES;
				GCC_WARN_UNINITIALIZED_AUTOS = YES_AGGRESSIVE;
				GCC_WARN_UNUSED_FUNCTION = YES;
				GCC_WARN_UNUSED_VARIABLE = YES;
				IPHONEOS_DEPLOYMENT_TARGET = 14.1;
				MTL_ENABLE_DEBUG_INFO = NO;
				MTL_FAST_MATH = YES;
				SDKROOT = iphoneos;
				SWIFT_COMPILATION_MODE = wholemodule;
				SWIFT_OPTIMIZATION_LEVEL = "-O";
				VALIDATE_PRODUCT = YES;
			};
			name = Release;
		};
		36C2F7622576669900B2D429 /* Debug */ = {
			isa = XCBuildConfiguration;
			buildSettings = {
				ASSETCATALOG_COMPILER_APPICON_NAME = AppIcon;
				ASSETCATALOG_COMPILER_GLOBAL_ACCENT_COLOR_NAME = AccentColor;
				CODE_SIGN_STYLE = Automatic;
				DEVELOPMENT_TEAM = B8BLVG273W;
				INFOPLIST_FILE = news_projectAlamofire/Info.plist;
				LD_RUNPATH_SEARCH_PATHS = (
					"$(inherited)",
					"@executable_path/Frameworks",
				);
				PRODUCT_BUNDLE_IDENTIFIER = "vergiberker.news-projectAlamofire";
				PRODUCT_NAME = "$(TARGET_NAME)";
				SWIFT_VERSION = 5.0;
				TARGETED_DEVICE_FAMILY = "1,2";
			};
			name = Debug;
		};
		36C2F7632576669900B2D429 /* Release */ = {
			isa = XCBuildConfiguration;
			buildSettings = {
				ASSETCATALOG_COMPILER_APPICON_NAME = AppIcon;
				ASSETCATALOG_COMPILER_GLOBAL_ACCENT_COLOR_NAME = AccentColor;
				CODE_SIGN_STYLE = Automatic;
				DEVELOPMENT_TEAM = B8BLVG273W;
				INFOPLIST_FILE = news_projectAlamofire/Info.plist;
				LD_RUNPATH_SEARCH_PATHS = (
					"$(inherited)",
					"@executable_path/Frameworks",
				);
				PRODUCT_BUNDLE_IDENTIFIER = "vergiberker.news-projectAlamofire";
				PRODUCT_NAME = "$(TARGET_NAME)";
				SWIFT_VERSION = 5.0;
				TARGETED_DEVICE_FAMILY = "1,2";
			};
			name = Release;
		};
		36C2F7652576669900B2D429 /* Debug */ = {
			isa = XCBuildConfiguration;
			buildSettings = {
				ALWAYS_EMBED_SWIFT_STANDARD_LIBRARIES = YES;
				BUNDLE_LOADER = "$(TEST_HOST)";
				CODE_SIGN_STYLE = Automatic;
				DEVELOPMENT_TEAM = B8BLVG273W;
				INFOPLIST_FILE = news_projectAlamofireTests/Info.plist;
				IPHONEOS_DEPLOYMENT_TARGET = 14.1;
				LD_RUNPATH_SEARCH_PATHS = (
					"$(inherited)",
					"@executable_path/Frameworks",
					"@loader_path/Frameworks",
				);
				PRODUCT_BUNDLE_IDENTIFIER = "vergiberker.news-projectAlamofireTests";
				PRODUCT_NAME = "$(TARGET_NAME)";
				SWIFT_VERSION = 5.0;
				TARGETED_DEVICE_FAMILY = "1,2";
				TEST_HOST = "$(BUILT_PRODUCTS_DIR)/news_projectAlamofire.app/news_projectAlamofire";
			};
			name = Debug;
		};
		36C2F7662576669900B2D429 /* Release */ = {
			isa = XCBuildConfiguration;
			buildSettings = {
				ALWAYS_EMBED_SWIFT_STANDARD_LIBRARIES = YES;
				BUNDLE_LOADER = "$(TEST_HOST)";
				CODE_SIGN_STYLE = Automatic;
				DEVELOPMENT_TEAM = B8BLVG273W;
				INFOPLIST_FILE = news_projectAlamofireTests/Info.plist;
				IPHONEOS_DEPLOYMENT_TARGET = 14.1;
				LD_RUNPATH_SEARCH_PATHS = (
					"$(inherited)",
					"@executable_path/Frameworks",
					"@loader_path/Frameworks",
				);
				PRODUCT_BUNDLE_IDENTIFIER = "vergiberker.news-projectAlamofireTests";
				PRODUCT_NAME = "$(TARGET_NAME)";
				SWIFT_VERSION = 5.0;
				TARGETED_DEVICE_FAMILY = "1,2";
				TEST_HOST = "$(BUILT_PRODUCTS_DIR)/news_projectAlamofire.app/news_projectAlamofire";
			};
			name = Release;
		};
		36C2F7682576669900B2D429 /* Debug */ = {
			isa = XCBuildConfiguration;
			buildSettings = {
				ALWAYS_EMBED_SWIFT_STANDARD_LIBRARIES = YES;
				CODE_SIGN_STYLE = Automatic;
				DEVELOPMENT_TEAM = B8BLVG273W;
				INFOPLIST_FILE = news_projectAlamofireUITests/Info.plist;
				LD_RUNPATH_SEARCH_PATHS = (
					"$(inherited)",
					"@executable_path/Frameworks",
					"@loader_path/Frameworks",
				);
				PRODUCT_BUNDLE_IDENTIFIER = "vergiberker.news-projectAlamofireUITests";
				PRODUCT_NAME = "$(TARGET_NAME)";
				SWIFT_VERSION = 5.0;
				TARGETED_DEVICE_FAMILY = "1,2";
				TEST_TARGET_NAME = news_projectAlamofire;
			};
			name = Debug;
		};
		36C2F7692576669900B2D429 /* Release */ = {
			isa = XCBuildConfiguration;
			buildSettings = {
				ALWAYS_EMBED_SWIFT_STANDARD_LIBRARIES = YES;
				CODE_SIGN_STYLE = Automatic;
				DEVELOPMENT_TEAM = B8BLVG273W;
				INFOPLIST_FILE = news_projectAlamofireUITests/Info.plist;
				LD_RUNPATH_SEARCH_PATHS = (
					"$(inherited)",
					"@executable_path/Frameworks",
					"@loader_path/Frameworks",
				);
				PRODUCT_BUNDLE_IDENTIFIER = "vergiberker.news-projectAlamofireUITests";
				PRODUCT_NAME = "$(TARGET_NAME)";
				SWIFT_VERSION = 5.0;
				TARGETED_DEVICE_FAMILY = "1,2";
				TEST_TARGET_NAME = news_projectAlamofire;
			};
			name = Release;
		};
/* End XCBuildConfiguration section */

/* Begin XCConfigurationList section */
		36C2F72F2576669800B2D429 /* Build configuration list for PBXProject "news_projectAlamofire" */ = {
			isa = XCConfigurationList;
			buildConfigurations = (
				36C2F75F2576669900B2D429 /* Debug */,
				36C2F7602576669900B2D429 /* Release */,
			);
			defaultConfigurationIsVisible = 0;
			defaultConfigurationName = Release;
		};
		36C2F7612576669900B2D429 /* Build configuration list for PBXNativeTarget "news_projectAlamofire" */ = {
			isa = XCConfigurationList;
			buildConfigurations = (
				36C2F7622576669900B2D429 /* Debug */,
				36C2F7632576669900B2D429 /* Release */,
			);
			defaultConfigurationIsVisible = 0;
			defaultConfigurationName = Release;
		};
		36C2F7642576669900B2D429 /* Build configuration list for PBXNativeTarget "news_projectAlamofireTests" */ = {
			isa = XCConfigurationList;
			buildConfigurations = (
				36C2F7652576669900B2D429 /* Debug */,
				36C2F7662576669900B2D429 /* Release */,
			);
			defaultConfigurationIsVisible = 0;
			defaultConfigurationName = Release;
		};
		36C2F7672576669900B2D429 /* Build configuration list for PBXNativeTarget "news_projectAlamofireUITests" */ = {
			isa = XCConfigurationList;
			buildConfigurations = (
				36C2F7682576669900B2D429 /* Debug */,
				36C2F7692576669900B2D429 /* Release */,
			);
			defaultConfigurationIsVisible = 0;
			defaultConfigurationName = Release;
		};
/* End XCConfigurationList section */

/* Begin XCVersionGroup section */
		36C2F7402576669800B2D429 /* news_projectAlamofire.xcdatamodeld */ = {
			isa = XCVersionGroup;
			children = (
				36C2F7412576669800B2D429 /* news_projectAlamofire.xcdatamodel */,
			);
			currentVersion = 36C2F7412576669800B2D429 /* news_projectAlamofire.xcdatamodel */;
			path = news_projectAlamofire.xcdatamodeld;
			sourceTree = "<group>";
			versionGroupType = wrapper.xcdatamodel;
		};
/* End XCVersionGroup section */
	};
	rootObject = 36C2F72C2576669800B2D429 /* Project object */;
}
